
Microsoft Visual Studio Solution File, Format Version 12.00
# Visual Studio Version 17
VisualStudioVersion = 17.3.32819.101
MinimumVisualStudioVersion = 10.0.40219.1
Project("{FAE04EC0-301F-11D3-BF4B-00C04F79EFBC}") = "AdminProject", "AdminProject\AdminProject.csproj", "{B8E9B581-F170-4458-AC89-D9ADFD4FE68E}"
EndProject
Global
	GlobalSection(SolutionConfigurationPlatforms) = preSolution
		Debug|Any CPU = Debug|Any CPU
		Release|Any CPU = Release|Any CPU
	EndGlobalSection
	GlobalSection(ProjectConfigurationPlatforms) = postSolution
		{B8E9B581-F170-4458-AC89-D9ADFD4FE68E}.Debug|Any CPU.ActiveCfg = Debug|Any CPU
		{B8E9B581-F170-4458-AC89-D9ADFD4FE68E}.Debug|Any CPU.Build.0 = Debug|Any CPU
		{B8E9B581-F170-4458-AC89-D9ADFD4FE68E}.Release|Any CPU.ActiveCfg = Release|Any CPU
		{B8E9B581-F170-4458-AC89-D9ADFD4FE68E}.Release|Any CPU.Build.0 = Release|Any CPU
	EndGlobalSection
	GlobalSection(SolutionProperties) = preSolution
		HideSolutionNode = FALSE
	EndGlobalSection
	GlobalSection(ExtensibilityGlobals) = postSolution
		SolutionGuid = {1EA73F72-B225-4063-9B7B-3777B1ED2BE8}
	EndGlobalSection
EndGlobal
